[[package]]
name = "asgiref"
version = "3.5.1"
description = "ASGI specs, helper code, and adapters"
category = "main"
optional = false
python-versions = ">=3.7"

[package.extras]
tests = ["pytest", "pytest-asyncio", "mypy (>=0.800)"]

[[package]]
name = "django"
version = "3.2.13"
description = "A high-level Python Web framework that encourages rapid development and clean, pragmatic design."
category = "main"
optional = false
python-versions = ">=3.6"

[package.dependencies]
asgiref = ">=3.3.2,<4"
pytz = "*"
sqlparse = ">=0.2.2"

[package.extras]
argon2 = ["argon2-cffi (>=19.1.0)"]
bcrypt = ["bcrypt"]

[[package]]
name = "grpcio"
version = "1.55.0"
description = "HTTP/2-based RPC framework"
category = "main"
optional = false
python-versions = ">=3.7"

[package.extras]
protobuf = ["grpcio-tools (>=1.55.0)"]

[[package]]
name = "protobuf"
version = "4.23.2"
description = ""
category = "main"
optional = false
python-versions = ">=3.7"

[[package]]
name = "pytz"
version = "2022.1"
description = "World timezone definitions, modern and historical"
category = "main"
optional = false
python-versions = "*"

[[package]]
name = "sqlparse"
version = "0.4.2"
description = "A non-validating SQL parser."
category = "main"
optional = false
python-versions = ">=3.5"

[[package]]
name = "views"
version = "0.3"
description = "views"
category = "main"
optional = false
python-versions = "*"

[[package]]
name = "xds-protos"
version = "0.0.11"
description = "Generated Python code from envoyproxy/data-plane-api"
category = "main"
optional = false
python-versions = "*"

[package.dependencies]
grpcio = "*"
protobuf = "*"

[metadata]
lock-version = "1.1"
python-versions = "^3.8"
content-hash = "1f5a7c667e0615a5b29ba92e572084cc14018be50eecc04fa867fc6360ddca93"

[metadata.files]
asgiref = []
django = []
grpcio = []
protobuf = []
pytz = []
sqlparse = []
views = [
    {file = "views-0.3.tar.gz", hash = "sha256:17f60ecbc213d5aaa8f5359973ab8840071123547e1897cae2f6e762b62dcd68"},
]
xds-protos = []
